// !$*UTF8*$!
{
	archiveVersion = 1;
	classes = {
	};
	objectVersion = 46;
	objects = {

/* Begin PBXBuildFile section */
		77CF6A1E17C5599C007DC62D /* RZCoreDataManager.m in Sources */ = {isa = PBXBuildFile; fileRef = 77CF6A0E17C5599C007DC62D /* RZCoreDataManager.m */; };
		77CF6A1F17C5599C007DC62D /* RZDataImporter.m in Sources */ = {isa = PBXBuildFile; fileRef = 77CF6A1017C5599C007DC62D /* RZDataImporter.m */; };
		77CF6A2017C5599C007DC62D /* RZDataManager_Base.m in Sources */ = {isa = PBXBuildFile; fileRef = 77CF6A1217C5599C007DC62D /* RZDataManager_Base.m */; };
		77CF6A2117C5599C007DC62D /* NSDictionary+NonNSNull.m in Sources */ = {isa = PBXBuildFile; fileRef = 77CF6A1617C5599C007DC62D /* NSDictionary+NonNSNull.m */; };
		77CF6A2217C5599C007DC62D /* NSObject+RZPropertyUtils.m in Sources */ = {isa = PBXBuildFile; fileRef = 77CF6A1817C5599C007DC62D /* NSObject+RZPropertyUtils.m */; };
		77CF6A2317C5599C007DC62D /* NSString+HTMLEntities.m in Sources */ = {isa = PBXBuildFile; fileRef = 77CF6A1A17C5599C007DC62D /* NSString+HTMLEntities.m */; };
		77CF6A2417C5599C007DC62D /* RZDataManagerModelObjectMapping.m in Sources */ = {isa = PBXBuildFile; fileRef = 77CF6A1C17C5599C007DC62D /* RZDataManagerModelObjectMapping.m */; };
		77DFDC9817B29E7C00804A2D /* Cocoa.framework in Frameworks */ = {isa = PBXBuildFile; fileRef = 77DFDC9717B29E7C00804A2D /* Cocoa.framework */; };
		77DFDCA217B29E7C00804A2D /* InfoPlist.strings in Resources */ = {isa = PBXBuildFile; fileRef = 77DFDCA017B29E7C00804A2D /* InfoPlist.strings */; };
		77DFDCA417B29E7C00804A2D /* main.m in Sources */ = {isa = PBXBuildFile; fileRef = 77DFDCA317B29E7C00804A2D /* main.m */; };
		77DFDCA817B29E7C00804A2D /* Credits.rtf in Resources */ = {isa = PBXBuildFile; fileRef = 77DFDCA617B29E7C00804A2D /* Credits.rtf */; };
		77DFDCAB17B29E7C00804A2D /* RZAppDelegate.m in Sources */ = {isa = PBXBuildFile; fileRef = 77DFDCAA17B29E7C00804A2D /* RZAppDelegate.m */; };
		77DFDCAE17B29E7C00804A2D /* MainMenu.xib in Resources */ = {isa = PBXBuildFile; fileRef = 77DFDCAC17B29E7C00804A2D /* MainMenu.xib */; };
		77DFDCB017B29E7C00804A2D /* Images.xcassets in Resources */ = {isa = PBXBuildFile; fileRef = 77DFDCAF17B29E7C00804A2D /* Images.xcassets */; };
		77DFDCB717B29E7C00804A2D /* XCTest.framework in Frameworks */ = {isa = PBXBuildFile; fileRef = 77DFDCB617B29E7C00804A2D /* XCTest.framework */; };
		77DFDCB817B29E7C00804A2D /* Cocoa.framework in Frameworks */ = {isa = PBXBuildFile; fileRef = 77DFDC9717B29E7C00804A2D /* Cocoa.framework */; };
		77DFDCC017B29E7C00804A2D /* InfoPlist.strings in Resources */ = {isa = PBXBuildFile; fileRef = 77DFDCBE17B29E7C00804A2D /* InfoPlist.strings */; };
		77DFDCC217B29E7C00804A2D /* RZSceneEditorTests.m in Sources */ = {isa = PBXBuildFile; fileRef = 77DFDCC117B29E7C00804A2D /* RZSceneEditorTests.m */; };
		77DFDD0B17B2A1D700804A2D /* RZSceneManager.m in Sources */ = {isa = PBXBuildFile; fileRef = 77DFDD0317B2A1D700804A2D /* RZSceneManager.m */; };
		77DFDD0C17B2A1D700804A2D /* RZSESettingsManager.m in Sources */ = {isa = PBXBuildFile; fileRef = 77DFDD0517B2A1D700804A2D /* RZSESettingsManager.m */; };
		77DFDD0D17B2A1D700804A2D /* RZSprite.m in Sources */ = {isa = PBXBuildFile; fileRef = 77DFDD0817B2A1D700804A2D /* RZSprite.m */; };
		77DFDD0E17B2A1D700804A2D /* RZSceneEditor.xcdatamodeld in Sources */ = {isa = PBXBuildFile; fileRef = 77DFDD0917B2A1D700804A2D /* RZSceneEditor.xcdatamodeld */; };
		77DFDD0F17B2A21500804A2D /* CoreData.framework in Frameworks */ = {isa = PBXBuildFile; fileRef = 77DFDC9B17B29E7C00804A2D /* CoreData.framework */; };
		77DFDD2E17B2C0F400804A2D /* RZSpriteCollectionViewItem.m in Sources */ = {isa = PBXBuildFile; fileRef = 77DFDD2C17B2C0F400804A2D /* RZSpriteCollectionViewItem.m */; };
		77DFDD2F17B2C0F400804A2D /* RZSpriteCollectionViewItem.xib in Resources */ = {isa = PBXBuildFile; fileRef = 77DFDD2D17B2C0F400804A2D /* RZSpriteCollectionViewItem.xib */; };
		77DFDD3317B2C19B00804A2D /* RZEditSceneViewController.m in Sources */ = {isa = PBXBuildFile; fileRef = 77DFDD3217B2C19B00804A2D /* RZEditSceneViewController.m */; };
		77DFDD3717B2C37500804A2D /* hammer.png in Resources */ = {isa = PBXBuildFile; fileRef = 77DFDD3517B2C37500804A2D /* hammer.png */; };
/* End PBXBuildFile section */

/* Begin PBXContainerItemProxy section */
		77DFDCB917B29E7C00804A2D /* PBXContainerItemProxy */ = {
			isa = PBXContainerItemProxy;
			containerPortal = 77DFDC8C17B29E7C00804A2D /* Project object */;
			proxyType = 1;
			remoteGlobalIDString = 77DFDC9317B29E7C00804A2D;
			remoteInfo = RZSceneEditor;
		};
/* End PBXContainerItemProxy section */

/* Begin PBXFileReference section */
		77CF6A0D17C5599C007DC62D /* RZCoreDataManager.h */ = {isa = PBXFileReference; fileEncoding = 4; lastKnownFileType = sourcecode.c.h; path = RZCoreDataManager.h; sourceTree = "<group>"; };
		77CF6A0E17C5599C007DC62D /* RZCoreDataManager.m */ = {isa = PBXFileReference; fileEncoding = 4; lastKnownFileType = sourcecode.c.objc; path = RZCoreDataManager.m; sourceTree = "<group>"; };
		77CF6A0F17C5599C007DC62D /* RZDataImporter.h */ = {isa = PBXFileReference; fileEncoding = 4; lastKnownFileType = sourcecode.c.h; path = RZDataImporter.h; sourceTree = "<group>"; };
		77CF6A1017C5599C007DC62D /* RZDataImporter.m */ = {isa = PBXFileReference; fileEncoding = 4; lastKnownFileType = sourcecode.c.objc; path = RZDataImporter.m; sourceTree = "<group>"; };
		77CF6A1117C5599C007DC62D /* RZDataManager_Base.h */ = {isa = PBXFileReference; fileEncoding = 4; lastKnownFileType = sourcecode.c.h; path = RZDataManager_Base.h; sourceTree = "<group>"; };
		77CF6A1217C5599C007DC62D /* RZDataManager_Base.m */ = {isa = PBXFileReference; fileEncoding = 4; lastKnownFileType = sourcecode.c.objc; path = RZDataManager_Base.m; sourceTree = "<group>"; };
		77CF6A1317C5599C007DC62D /* RZDataManagerModelObject.h */ = {isa = PBXFileReference; fileEncoding = 4; lastKnownFileType = sourcecode.c.h; path = RZDataManagerModelObject.h; sourceTree = "<group>"; };
		77CF6A1517C5599C007DC62D /* NSDictionary+NonNSNull.h */ = {isa = PBXFileReference; fileEncoding = 4; lastKnownFileType = sourcecode.c.h; path = "NSDictionary+NonNSNull.h"; sourceTree = "<group>"; };
		77CF6A1617C5599C007DC62D /* NSDictionary+NonNSNull.m */ = {isa = PBXFileReference; fileEncoding = 4; lastKnownFileType = sourcecode.c.objc; path = "NSDictionary+NonNSNull.m"; sourceTree = "<group>"; };
		77CF6A1717C5599C007DC62D /* NSObject+RZPropertyUtils.h */ = {isa = PBXFileReference; fileEncoding = 4; lastKnownFileType = sourcecode.c.h; path = "NSObject+RZPropertyUtils.h"; sourceTree = "<group>"; };
		77CF6A1817C5599C007DC62D /* NSObject+RZPropertyUtils.m */ = {isa = PBXFileReference; fileEncoding = 4; lastKnownFileType = sourcecode.c.objc; path = "NSObject+RZPropertyUtils.m"; sourceTree = "<group>"; };
		77CF6A1917C5599C007DC62D /* NSString+HTMLEntities.h */ = {isa = PBXFileReference; fileEncoding = 4; lastKnownFileType = sourcecode.c.h; path = "NSString+HTMLEntities.h"; sourceTree = "<group>"; };
		77CF6A1A17C5599C007DC62D /* NSString+HTMLEntities.m */ = {isa = PBXFileReference; fileEncoding = 4; lastKnownFileType = sourcecode.c.objc; path = "NSString+HTMLEntities.m"; sourceTree = "<group>"; };
		77CF6A1B17C5599C007DC62D /* RZDataManagerModelObjectMapping.h */ = {isa = PBXFileReference; fileEncoding = 4; lastKnownFileType = sourcecode.c.h; path = RZDataManagerModelObjectMapping.h; sourceTree = "<group>"; };
		77CF6A1C17C5599C007DC62D /* RZDataManagerModelObjectMapping.m */ = {isa = PBXFileReference; fileEncoding = 4; lastKnownFileType = sourcecode.c.objc; path = RZDataManagerModelObjectMapping.m; sourceTree = "<group>"; };
		77CF6A1D17C5599C007DC62D /* RZLogHelper.h */ = {isa = PBXFileReference; fileEncoding = 4; lastKnownFileType = sourcecode.c.h; path = RZLogHelper.h; sourceTree = "<group>"; };
		77DFDC9417B29E7C00804A2D /* RZSceneEditor.app */ = {isa = PBXFileReference; explicitFileType = wrapper.application; includeInIndex = 0; path = RZSceneEditor.app; sourceTree = BUILT_PRODUCTS_DIR; };
		77DFDC9717B29E7C00804A2D /* Cocoa.framework */ = {isa = PBXFileReference; lastKnownFileType = wrapper.framework; name = Cocoa.framework; path = System/Library/Frameworks/Cocoa.framework; sourceTree = SDKROOT; };
		77DFDC9A17B29E7C00804A2D /* AppKit.framework */ = {isa = PBXFileReference; lastKnownFileType = wrapper.framework; name = AppKit.framework; path = System/Library/Frameworks/AppKit.framework; sourceTree = SDKROOT; };
		77DFDC9B17B29E7C00804A2D /* CoreData.framework */ = {isa = PBXFileReference; lastKnownFileType = wrapper.framework; name = CoreData.framework; path = System/Library/Frameworks/CoreData.framework; sourceTree = SDKROOT; };
		77DFDC9C17B29E7C00804A2D /* Foundation.framework */ = {isa = PBXFileReference; lastKnownFileType = wrapper.framework; name = Foundation.framework; path = System/Library/Frameworks/Foundation.framework; sourceTree = SDKROOT; };
		77DFDC9F17B29E7C00804A2D /* RZSceneEditor-Info.plist */ = {isa = PBXFileReference; lastKnownFileType = text.plist.xml; path = "RZSceneEditor-Info.plist"; sourceTree = "<group>"; };
		77DFDCA117B29E7C00804A2D /* en */ = {isa = PBXFileReference; lastKnownFileType = text.plist.strings; name = en; path = en.lproj/InfoPlist.strings; sourceTree = "<group>"; };
		77DFDCA317B29E7C00804A2D /* main.m */ = {isa = PBXFileReference; lastKnownFileType = sourcecode.c.objc; path = main.m; sourceTree = "<group>"; };
		77DFDCA517B29E7C00804A2D /* RZSceneEditor-Prefix.pch */ = {isa = PBXFileReference; lastKnownFileType = sourcecode.c.h; path = "RZSceneEditor-Prefix.pch"; sourceTree = "<group>"; };
		77DFDCA717B29E7C00804A2D /* en */ = {isa = PBXFileReference; lastKnownFileType = text.rtf; name = en; path = en.lproj/Credits.rtf; sourceTree = "<group>"; };
		77DFDCA917B29E7C00804A2D /* RZAppDelegate.h */ = {isa = PBXFileReference; lastKnownFileType = sourcecode.c.h; path = RZAppDelegate.h; sourceTree = "<group>"; };
		77DFDCAA17B29E7C00804A2D /* RZAppDelegate.m */ = {isa = PBXFileReference; lastKnownFileType = sourcecode.c.objc; path = RZAppDelegate.m; sourceTree = "<group>"; };
		77DFDCAD17B29E7C00804A2D /* Base */ = {isa = PBXFileReference; lastKnownFileType = file.xib; name = Base; path = Base.lproj/MainMenu.xib; sourceTree = "<group>"; };
		77DFDCAF17B29E7C00804A2D /* Images.xcassets */ = {isa = PBXFileReference; lastKnownFileType = folder.assetcatalog; path = Images.xcassets; sourceTree = "<group>"; };
		77DFDCB517B29E7C00804A2D /* RZSceneEditorTests.xctest */ = {isa = PBXFileReference; explicitFileType = wrapper.cfbundle; includeInIndex = 0; path = RZSceneEditorTests.xctest; sourceTree = BUILT_PRODUCTS_DIR; };
		77DFDCB617B29E7C00804A2D /* XCTest.framework */ = {isa = PBXFileReference; lastKnownFileType = wrapper.framework; name = XCTest.framework; path = Library/Frameworks/XCTest.framework; sourceTree = DEVELOPER_DIR; };
		77DFDCBD17B29E7C00804A2D /* RZSceneEditorTests-Info.plist */ = {isa = PBXFileReference; lastKnownFileType = text.plist.xml; path = "RZSceneEditorTests-Info.plist"; sourceTree = "<group>"; };
		77DFDCBF17B29E7C00804A2D /* en */ = {isa = PBXFileReference; lastKnownFileType = text.plist.strings; name = en; path = en.lproj/InfoPlist.strings; sourceTree = "<group>"; };
		77DFDCC117B29E7C00804A2D /* RZSceneEditorTests.m */ = {isa = PBXFileReference; lastKnownFileType = sourcecode.c.objc; path = RZSceneEditorTests.m; sourceTree = "<group>"; };
		77DFDD0217B2A1D700804A2D /* RZSceneManager.h */ = {isa = PBXFileReference; fileEncoding = 4; lastKnownFileType = sourcecode.c.h; path = RZSceneManager.h; sourceTree = "<group>"; };
		77DFDD0317B2A1D700804A2D /* RZSceneManager.m */ = {isa = PBXFileReference; fileEncoding = 4; lastKnownFileType = sourcecode.c.objc; path = RZSceneManager.m; sourceTree = "<group>"; };
		77DFDD0417B2A1D700804A2D /* RZSESettingsManager.h */ = {isa = PBXFileReference; fileEncoding = 4; lastKnownFileType = sourcecode.c.h; path = RZSESettingsManager.h; sourceTree = "<group>"; };
		77DFDD0517B2A1D700804A2D /* RZSESettingsManager.m */ = {isa = PBXFileReference; fileEncoding = 4; lastKnownFileType = sourcecode.c.objc; path = RZSESettingsManager.m; sourceTree = "<group>"; };
		77DFDD0717B2A1D700804A2D /* RZSprite.h */ = {isa = PBXFileReference; fileEncoding = 4; lastKnownFileType = sourcecode.c.h; path = RZSprite.h; sourceTree = "<group>"; };
		77DFDD0817B2A1D700804A2D /* RZSprite.m */ = {isa = PBXFileReference; fileEncoding = 4; lastKnownFileType = sourcecode.c.objc; path = RZSprite.m; sourceTree = "<group>"; };
		77DFDD0A17B2A1D700804A2D /* RZSceneEditor.xcdatamodel */ = {isa = PBXFileReference; lastKnownFileType = wrapper.xcdatamodel; path = RZSceneEditor.xcdatamodel; sourceTree = "<group>"; };
		77DFDD2B17B2C0F400804A2D /* RZSpriteCollectionViewItem.h */ = {isa = PBXFileReference; fileEncoding = 4; lastKnownFileType = sourcecode.c.h; name = RZSpriteCollectionViewItem.h; path = Views/RZSpriteCollectionViewItem.h; sourceTree = "<group>"; };
		77DFDD2C17B2C0F400804A2D /* RZSpriteCollectionViewItem.m */ = {isa = PBXFileReference; fileEncoding = 4; lastKnownFileType = sourcecode.c.objc; name = RZSpriteCollectionViewItem.m; path = Views/RZSpriteCollectionViewItem.m; sourceTree = "<group>"; };
		77DFDD2D17B2C0F400804A2D /* RZSpriteCollectionViewItem.xib */ = {isa = PBXFileReference; fileEncoding = 4; lastKnownFileType = file.xib; name = RZSpriteCollectionViewItem.xib; path = Views/RZSpriteCollectionViewItem.xib; sourceTree = "<group>"; };
		77DFDD3117B2C19B00804A2D /* RZEditSceneViewController.h */ = {isa = PBXFileReference; fileEncoding = 4; lastKnownFileType = sourcecode.c.h; name = RZEditSceneViewController.h; path = Controllers/RZEditSceneViewController.h; sourceTree = "<group>"; };
		77DFDD3217B2C19B00804A2D /* RZEditSceneViewController.m */ = {isa = PBXFileReference; fileEncoding = 4; lastKnownFileType = sourcecode.c.objc; name = RZEditSceneViewController.m; path = Controllers/RZEditSceneViewController.m; sourceTree = "<group>"; };
		77DFDD3517B2C37500804A2D /* hammer.png */ = {isa = PBXFileReference; lastKnownFileType = image.png; name = hammer.png; path = ../../../Desktop/hammer.png; sourceTree = "<group>"; };
/* End PBXFileReference section */

/* Begin PBXFrameworksBuildPhase section */
		77DFDC9117B29E7C00804A2D /* Frameworks */ = {
			isa = PBXFrameworksBuildPhase;
			buildActionMask = 2147483647;
			files = (
				77DFDD0F17B2A21500804A2D /* CoreData.framework in Frameworks */,
				77DFDC9817B29E7C00804A2D /* Cocoa.framework in Frameworks */,
			);
			runOnlyForDeploymentPostprocessing = 0;
		};
		77DFDCB217B29E7C00804A2D /* Frameworks */ = {
			isa = PBXFrameworksBuildPhase;
			buildActionMask = 2147483647;
			files = (
				77DFDCB817B29E7C00804A2D /* Cocoa.framework in Frameworks */,
				77DFDCB717B29E7C00804A2D /* XCTest.framework in Frameworks */,
			);
			runOnlyForDeploymentPostprocessing = 0;
		};
/* End PBXFrameworksBuildPhase section */

/* Begin PBXGroup section */
		77CF6A0C17C5599C007DC62D /* RZDataManager */ = {
			isa = PBXGroup;
			children = (
				77CF6A0D17C5599C007DC62D /* RZCoreDataManager.h */,
				77CF6A0E17C5599C007DC62D /* RZCoreDataManager.m */,
				77CF6A0F17C5599C007DC62D /* RZDataImporter.h */,
				77CF6A1017C5599C007DC62D /* RZDataImporter.m */,
				77CF6A1117C5599C007DC62D /* RZDataManager_Base.h */,
				77CF6A1217C5599C007DC62D /* RZDataManager_Base.m */,
				77CF6A1317C5599C007DC62D /* RZDataManagerModelObject.h */,
				77CF6A1417C5599C007DC62D /* Utils */,
			);
			name = RZDataManager;
			path = ../../RZDataManager/RZDataManager;
			sourceTree = "<group>";
		};
		77CF6A1417C5599C007DC62D /* Utils */ = {
			isa = PBXGroup;
			children = (
				77CF6A1517C5599C007DC62D /* NSDictionary+NonNSNull.h */,
				77CF6A1617C5599C007DC62D /* NSDictionary+NonNSNull.m */,
				77CF6A1717C5599C007DC62D /* NSObject+RZPropertyUtils.h */,
				77CF6A1817C5599C007DC62D /* NSObject+RZPropertyUtils.m */,
				77CF6A1917C5599C007DC62D /* NSString+HTMLEntities.h */,
				77CF6A1A17C5599C007DC62D /* NSString+HTMLEntities.m */,
				77CF6A1B17C5599C007DC62D /* RZDataManagerModelObjectMapping.h */,
				77CF6A1C17C5599C007DC62D /* RZDataManagerModelObjectMapping.m */,
				77CF6A1D17C5599C007DC62D /* RZLogHelper.h */,
			);
			path = Utils;
			sourceTree = "<group>";
		};
		77DFDC8B17B29E7C00804A2D = {
			isa = PBXGroup;
			children = (
				77DFDC9D17B29E7C00804A2D /* RZSceneEditor */,
				77DFDCBB17B29E7C00804A2D /* RZSceneEditorTests */,
				77DFDC9617B29E7C00804A2D /* Frameworks */,
				77DFDC9517B29E7C00804A2D /* Products */,
			);
			sourceTree = "<group>";
		};
		77DFDC9517B29E7C00804A2D /* Products */ = {
			isa = PBXGroup;
			children = (
				77DFDC9417B29E7C00804A2D /* RZSceneEditor.app */,
				77DFDCB517B29E7C00804A2D /* RZSceneEditorTests.xctest */,
			);
			name = Products;
			sourceTree = "<group>";
		};
		77DFDC9617B29E7C00804A2D /* Frameworks */ = {
			isa = PBXGroup;
			children = (
				77DFDC9717B29E7C00804A2D /* Cocoa.framework */,
				77DFDCB617B29E7C00804A2D /* XCTest.framework */,
				77DFDC9917B29E7C00804A2D /* Other Frameworks */,
			);
			name = Frameworks;
			sourceTree = "<group>";
		};
		77DFDC9917B29E7C00804A2D /* Other Frameworks */ = {
			isa = PBXGroup;
			children = (
				77DFDC9A17B29E7C00804A2D /* AppKit.framework */,
				77DFDC9B17B29E7C00804A2D /* CoreData.framework */,
				77DFDC9C17B29E7C00804A2D /* Foundation.framework */,
			);
			name = "Other Frameworks";
			sourceTree = "<group>";
		};
		77DFDC9D17B29E7C00804A2D /* RZSceneEditor */ = {
			isa = PBXGroup;
			children = (
				77DFDCA917B29E7C00804A2D /* RZAppDelegate.h */,
				77DFDCAA17B29E7C00804A2D /* RZAppDelegate.m */,
				77DFDCAC17B29E7C00804A2D /* MainMenu.xib */,
				77DFDD0017B2A1D700804A2D /* Data */,
				77DFDD3017B2C18300804A2D /* Controllers */,
				77DFDD2A17B2C0CD00804A2D /* Views */,
				77DFDCAF17B29E7C00804A2D /* Images.xcassets */,
				77DFDD3517B2C37500804A2D /* hammer.png */,
				77DFDCCB17B29F3400804A2D /* External */,
				77DFDC9E17B29E7C00804A2D /* Supporting Files */,
			);
			path = RZSceneEditor;
			sourceTree = "<group>";
		};
		77DFDC9E17B29E7C00804A2D /* Supporting Files */ = {
			isa = PBXGroup;
			children = (
				77DFDC9F17B29E7C00804A2D /* RZSceneEditor-Info.plist */,
				77DFDCA017B29E7C00804A2D /* InfoPlist.strings */,
				77DFDCA317B29E7C00804A2D /* main.m */,
				77DFDCA517B29E7C00804A2D /* RZSceneEditor-Prefix.pch */,
				77DFDCA617B29E7C00804A2D /* Credits.rtf */,
			);
			name = "Supporting Files";
			sourceTree = "<group>";
		};
		77DFDCBB17B29E7C00804A2D /* RZSceneEditorTests */ = {
			isa = PBXGroup;
			children = (
				77DFDCC117B29E7C00804A2D /* RZSceneEditorTests.m */,
				77DFDCBC17B29E7C00804A2D /* Supporting Files */,
			);
			path = RZSceneEditorTests;
			sourceTree = "<group>";
		};
		77DFDCBC17B29E7C00804A2D /* Supporting Files */ = {
			isa = PBXGroup;
			children = (
				77DFDCBD17B29E7C00804A2D /* RZSceneEditorTests-Info.plist */,
				77DFDCBE17B29E7C00804A2D /* InfoPlist.strings */,
			);
			name = "Supporting Files";
			sourceTree = "<group>";
		};
		77DFDCCB17B29F3400804A2D /* External */ = {
			isa = PBXGroup;
			children = (
				77CF6A0C17C5599C007DC62D /* RZDataManager */,
			);
			name = External;
			sourceTree = "<group>";
		};
		77DFDD0017B2A1D700804A2D /* Data */ = {
			isa = PBXGroup;
			children = (
				77DFDD0117B2A1D700804A2D /* Managers */,
				77DFDD0617B2A1D700804A2D /* Models */,
				77DFDD0917B2A1D700804A2D /* RZSceneEditor.xcdatamodeld */,
			);
			path = Data;
			sourceTree = "<group>";
		};
		77DFDD0117B2A1D700804A2D /* Managers */ = {
			isa = PBXGroup;
			children = (
				77DFDD0217B2A1D700804A2D /* RZSceneManager.h */,
				77DFDD0317B2A1D700804A2D /* RZSceneManager.m */,
				77DFDD0417B2A1D700804A2D /* RZSESettingsManager.h */,
				77DFDD0517B2A1D700804A2D /* RZSESettingsManager.m */,
			);
			path = Managers;
			sourceTree = "<group>";
		};
		77DFDD0617B2A1D700804A2D /* Models */ = {
			isa = PBXGroup;
			children = (
				77DFDD0717B2A1D700804A2D /* RZSprite.h */,
				77DFDD0817B2A1D700804A2D /* RZSprite.m */,
			);
			path = Models;
			sourceTree = "<group>";
		};
		77DFDD2A17B2C0CD00804A2D /* Views */ = {
			isa = PBXGroup;
			children = (
				77DFDD2B17B2C0F400804A2D /* RZSpriteCollectionViewItem.h */,
				77DFDD2C17B2C0F400804A2D /* RZSpriteCollectionViewItem.m */,
				77DFDD2D17B2C0F400804A2D /* RZSpriteCollectionViewItem.xib */,
			);
			name = Views;
			sourceTree = "<group>";
		};
		77DFDD3017B2C18300804A2D /* Controllers */ = {
			isa = PBXGroup;
			children = (
				77DFDD3117B2C19B00804A2D /* RZEditSceneViewController.h */,
				77DFDD3217B2C19B00804A2D /* RZEditSceneViewController.m */,
			);
			name = Controllers;
			sourceTree = "<group>";
		};
/* End PBXGroup section */

/* Begin PBXNativeTarget section */
		77DFDC9317B29E7C00804A2D /* RZSceneEditor */ = {
			isa = PBXNativeTarget;
			buildConfigurationList = 77DFDCC517B29E7C00804A2D /* Build configuration list for PBXNativeTarget "RZSceneEditor" */;
			buildPhases = (
				77DFDC9017B29E7C00804A2D /* Sources */,
				77DFDC9117B29E7C00804A2D /* Frameworks */,
				77DFDC9217B29E7C00804A2D /* Resources */,
			);
			buildRules = (
			);
			dependencies = (
			);
			name = RZSceneEditor;
			productName = RZSceneEditor;
			productReference = 77DFDC9417B29E7C00804A2D /* RZSceneEditor.app */;
			productType = "com.apple.product-type.application";
		};
		77DFDCB417B29E7C00804A2D /* RZSceneEditorTests */ = {
			isa = PBXNativeTarget;
			buildConfigurationList = 77DFDCC817B29E7C00804A2D /* Build configuration list for PBXNativeTarget "RZSceneEditorTests" */;
			buildPhases = (
				77DFDCB117B29E7C00804A2D /* Sources */,
				77DFDCB217B29E7C00804A2D /* Frameworks */,
				77DFDCB317B29E7C00804A2D /* Resources */,
			);
			buildRules = (
			);
			dependencies = (
				77DFDCBA17B29E7C00804A2D /* PBXTargetDependency */,
			);
			name = RZSceneEditorTests;
			productName = RZSceneEditorTests;
			productReference = 77DFDCB517B29E7C00804A2D /* RZSceneEditorTests.xctest */;
			productType = "com.apple.product-type.bundle.unit-test";
		};
/* End PBXNativeTarget section */

/* Begin PBXProject section */
		77DFDC8C17B29E7C00804A2D /* Project object */ = {
			isa = PBXProject;
			attributes = {
				CLASSPREFIX = RZ;
				LastUpgradeCheck = 0500;
				ORGANIZATIONNAME = "Rob Visentin";
				TargetAttributes = {
					77DFDCB417B29E7C00804A2D = {
						TestTargetID = 77DFDC9317B29E7C00804A2D;
					};
				};
			};
			buildConfigurationList = 77DFDC8F17B29E7C00804A2D /* Build configuration list for PBXProject "RZSceneEditor" */;
			compatibilityVersion = "Xcode 3.2";
			developmentRegion = English;
			hasScannedForEncodings = 0;
			knownRegions = (
				en,
				Base,
			);
			mainGroup = 77DFDC8B17B29E7C00804A2D;
			productRefGroup = 77DFDC9517B29E7C00804A2D /* Products */;
			projectDirPath = "";
			projectRoot = "";
			targets = (
				77DFDC9317B29E7C00804A2D /* RZSceneEditor */,
				77DFDCB417B29E7C00804A2D /* RZSceneEditorTests */,
			);
		};
/* End PBXProject section */

/* Begin PBXResourcesBuildPhase section */
		77DFDC9217B29E7C00804A2D /* Resources */ = {
			isa = PBXResourcesBuildPhase;
			buildActionMask = 2147483647;
			files = (
				77DFDD3717B2C37500804A2D /* hammer.png in Resources */,
				77DFDCA217B29E7C00804A2D /* InfoPlist.strings in Resources */,
				77DFDD2F17B2C0F400804A2D /* RZSpriteCollectionViewItem.xib in Resources */,
				77DFDCB017B29E7C00804A2D /* Images.xcassets in Resources */,
				77DFDCA817B29E7C00804A2D /* Credits.rtf in Resources */,
				77DFDCAE17B29E7C00804A2D /* MainMenu.xib in Resources */,
			);
			runOnlyForDeploymentPostprocessing = 0;
		};
		77DFDCB317B29E7C00804A2D /* Resources */ = {
			isa = PBXResourcesBuildPhase;
			buildActionMask = 2147483647;
			files = (
				77DFDCC017B29E7C00804A2D /* InfoPlist.strings in Resources */,
			);
			runOnlyForDeploymentPostprocessing = 0;
		};
/* End PBXResourcesBuildPhase section */

/* Begin PBXSourcesBuildPhase section */
		77DFDC9017B29E7C00804A2D /* Sources */ = {
			isa = PBXSourcesBuildPhase;
			buildActionMask = 2147483647;
			files = (
				77DFDD0D17B2A1D700804A2D /* RZSprite.m in Sources */,
				77DFDD0C17B2A1D700804A2D /* RZSESettingsManager.m in Sources */,
				77DFDCAB17B29E7C00804A2D /* RZAppDelegate.m in Sources */,
				77DFDD0B17B2A1D700804A2D /* RZSceneManager.m in Sources */,
				77DFDD2E17B2C0F400804A2D /* RZSpriteCollectionViewItem.m in Sources */,
				77DFDCA417B29E7C00804A2D /* main.m in Sources */,
				77DFDD0E17B2A1D700804A2D /* RZSceneEditor.xcdatamodeld in Sources */,
				77DFDD3317B2C19B00804A2D /* RZEditSceneViewController.m in Sources */,
				77CF6A1E17C5599C007DC62D /* RZCoreDataManager.m in Sources */,
				77CF6A1F17C5599C007DC62D /* RZDataImporter.m in Sources */,
				77CF6A2017C5599C007DC62D /* RZDataManager_Base.m in Sources */,
				77CF6A2117C5599C007DC62D /* NSDictionary+NonNSNull.m in Sources */,
				77CF6A2217C5599C007DC62D /* NSObject+RZPropertyUtils.m in Sources */,
				77CF6A2317C5599C007DC62D /* NSString+HTMLEntities.m in Sources */,
				77CF6A2417C5599C007DC62D /* RZDataManagerModelObjectMapping.m in Sources */,
			);
			runOnlyForDeploymentPostprocessing = 0;
		};
		77DFDCB117B29E7C00804A2D /* Sources */ = {
			isa = PBXSourcesBuildPhase;
			buildActionMask = 2147483647;
			files = (
				77DFDCC217B29E7C00804A2D /* RZSceneEditorTests.m in Sources */,
			);
			runOnlyForDeploymentPostprocessing = 0;
		};
/* End PBXSourcesBuildPhase section */

/* Begin PBXTargetDependency section */
		77DFDCBA17B29E7C00804A2D /* PBXTargetDependency */ = {
			isa = PBXTargetDependency;
			target = 77DFDC9317B29E7C00804A2D /* RZSceneEditor */;
			targetProxy = 77DFDCB917B29E7C00804A2D /* PBXContainerItemProxy */;
		};
/* End PBXTargetDependency section */

/* Begin PBXVariantGroup section */
		77DFDCA017B29E7C00804A2D /* InfoPlist.strings */ = {
			isa = PBXVariantGroup;
			children = (
				77DFDCA117B29E7C00804A2D /* en */,
			);
			name = InfoPlist.strings;
			sourceTree = "<group>";
		};
		77DFDCA617B29E7C00804A2D /* Credits.rtf */ = {
			isa = PBXVariantGroup;
			children = (
				77DFDCA717B29E7C00804A2D /* en */,
			);
			name = Credits.rtf;
			sourceTree = "<group>";
		};
		77DFDCAC17B29E7C00804A2D /* MainMenu.xib */ = {
			isa = PBXVariantGroup;
			children = (
				77DFDCAD17B29E7C00804A2D /* Base */,
			);
			name = MainMenu.xib;
			sourceTree = "<group>";
		};
		77DFDCBE17B29E7C00804A2D /* InfoPlist.strings */ = {
			isa = PBXVariantGroup;
			children = (
				77DFDCBF17B29E7C00804A2D /* en */,
			);
			name = InfoPlist.strings;
			sourceTree = "<group>";
		};
/* End PBXVariantGroup section */

/* Begin XCBuildConfiguration section */
		77DFDCC317B29E7C00804A2D /* Debug */ = {
			isa = XCBuildConfiguration;
			buildSettings = {
				ALWAYS_SEARCH_USER_PATHS = NO;
				CLANG_CXX_LANGUAGE_STANDARD = "gnu++0x";
				CLANG_CXX_LIBRARY = "libc++";
				CLANG_ENABLE_MODULES = YES;
				CLANG_ENABLE_OBJC_ARC = YES;
				CLANG_WARN_BOOL_CONVERSION = YES;
				CLANG_WARN_CONSTANT_CONVERSION = YES;
				CLANG_WARN_DIRECT_OBJC_ISA_USAGE = YES_ERROR;
				CLANG_WARN_EMPTY_BODY = YES;
				CLANG_WARN_ENUM_CONVERSION = YES;
				CLANG_WARN_INT_CONVERSION = YES;
				CLANG_WARN_OBJC_ROOT_CLASS = YES_ERROR;
				CLANG_WARN__DUPLICATE_METHOD_MATCH = YES;
				COPY_PHASE_STRIP = NO;
				GCC_C_LANGUAGE_STANDARD = gnu99;
				GCC_DYNAMIC_NO_PIC = NO;
				GCC_ENABLE_OBJC_EXCEPTIONS = YES;
				GCC_OPTIMIZATION_LEVEL = 0;
				GCC_PREPROCESSOR_DEFINITIONS = (
					"DEBUG=1",
					"$(inherited)",
				);
				GCC_SYMBOLS_PRIVATE_EXTERN = NO;
				GCC_WARN_64_TO_32_BIT_CONVERSION = YES;
				GCC_WARN_ABOUT_RETURN_TYPE = YES_ERROR;
				GCC_WARN_UNDECLARED_SELECTOR = YES;
				GCC_WARN_UNINITIALIZED_AUTOS = YES;
				GCC_WARN_UNUSED_FUNCTION = YES;
				GCC_WARN_UNUSED_VARIABLE = YES;
				MACOSX_DEPLOYMENT_TARGET = 10.8;
				ONLY_ACTIVE_ARCH = YES;
				SDKROOT = macosx;
			};
			name = Debug;
		};
		77DFDCC417B29E7C00804A2D /* Release */ = {
			isa = XCBuildConfiguration;
			buildSettings = {
				ALWAYS_SEARCH_USER_PATHS = NO;
				CLANG_CXX_LANGUAGE_STANDARD = "gnu++0x";
				CLANG_CXX_LIBRARY = "libc++";
				CLANG_ENABLE_MODULES = YES;
				CLANG_ENABLE_OBJC_ARC = YES;
				CLANG_WARN_BOOL_CONVERSION = YES;
				CLANG_WARN_CONSTANT_CONVERSION = YES;
				CLANG_WARN_DIRECT_OBJC_ISA_USAGE = YES_ERROR;
				CLANG_WARN_EMPTY_BODY = YES;
				CLANG_WARN_ENUM_CONVERSION = YES;
				CLANG_WARN_INT_CONVERSION = YES;
				CLANG_WARN_OBJC_ROOT_CLASS = YES_ERROR;
				CLANG_WARN__DUPLICATE_METHOD_MATCH = YES;
				COPY_PHASE_STRIP = YES;
				DEBUG_INFORMATION_FORMAT = "dwarf-with-dsym";
				ENABLE_NS_ASSERTIONS = NO;
				GCC_C_LANGUAGE_STANDARD = gnu99;
				GCC_ENABLE_OBJC_EXCEPTIONS = YES;
				GCC_WARN_64_TO_32_BIT_CONVERSION = YES;
				GCC_WARN_ABOUT_RETURN_TYPE = YES_ERROR;
				GCC_WARN_UNDECLARED_SELECTOR = YES;
				GCC_WARN_UNINITIALIZED_AUTOS = YES;
				GCC_WARN_UNUSED_FUNCTION = YES;
				GCC_WARN_UNUSED_VARIABLE = YES;
				MACOSX_DEPLOYMENT_TARGET = 10.8;
				SDKROOT = macosx;
			};
			name = Release;
		};
		77DFDCC617B29E7C00804A2D /* Debug */ = {
			isa = XCBuildConfiguration;
			buildSettings = {
				ASSETCATALOG_COMPILER_APPICON_NAME = AppIcon;
				COMBINE_HIDPI_IMAGES = YES;
				GCC_PRECOMPILE_PREFIX_HEADER = YES;
				GCC_PREFIX_HEADER = "RZSceneEditor/RZSceneEditor-Prefix.pch";
				INFOPLIST_FILE = "RZSceneEditor/RZSceneEditor-Info.plist";
				PRODUCT_NAME = "$(TARGET_NAME)";
				WRAPPER_EXTENSION = app;
			};
			name = Debug;
		};
		77DFDCC717B29E7C00804A2D /* Release */ = {
			isa = XCBuildConfiguration;
			buildSettings = {
				ASSETCATALOG_COMPILER_APPICON_NAME = AppIcon;
				COMBINE_HIDPI_IMAGES = YES;
				GCC_PRECOMPILE_PREFIX_HEADER = YES;
				GCC_PREFIX_HEADER = "RZSceneEditor/RZSceneEditor-Prefix.pch";
				INFOPLIST_FILE = "RZSceneEditor/RZSceneEditor-Info.plist";
				PRODUCT_NAME = "$(TARGET_NAME)";
				WRAPPER_EXTENSION = app;
			};
			name = Release;
		};
		77DFDCC917B29E7C00804A2D /* Debug */ = {
			isa = XCBuildConfiguration;
			buildSettings = {
				BUNDLE_LOADER = "$(BUILT_PRODUCTS_DIR)/RZSceneEditor.app/Contents/MacOS/RZSceneEditor";
				COMBINE_HIDPI_IMAGES = YES;
				FRAMEWORK_SEARCH_PATHS = (
					"$(DEVELOPER_FRAMEWORKS_DIR)",
					"$(inherited)",
				);
				GCC_PRECOMPILE_PREFIX_HEADER = YES;
				GCC_PREFIX_HEADER = "RZSceneEditor/RZSceneEditor-Prefix.pch";
				GCC_PREPROCESSOR_DEFINITIONS = (
					"DEBUG=1",
					"$(inherited)",
				);
				INFOPLIST_FILE = "RZSceneEditorTests/RZSceneEditorTests-Info.plist";
				PRODUCT_NAME = "$(TARGET_NAME)";
				TEST_HOST = "$(BUNDLE_LOADER)";
				WRAPPER_EXTENSION = xctest;
			};
			name = Debug;
		};
		77DFDCCA17B29E7C00804A2D /* Release */ = {
			isa = XCBuildConfiguration;
			buildSettings = {
				BUNDLE_LOADER = "$(BUILT_PRODUCTS_DIR)/RZSceneEditor.app/Contents/MacOS/RZSceneEditor";
				COMBINE_HIDPI_IMAGES = YES;
				FRAMEWORK_SEARCH_PATHS = (
					"$(DEVELOPER_FRAMEWORKS_DIR)",
					"$(inherited)",
				);
				GCC_PRECOMPILE_PREFIX_HEADER = YES;
				GCC_PREFIX_HEADER = "RZSceneEditor/RZSceneEditor-Prefix.pch";
				INFOPLIST_FILE = "RZSceneEditorTests/RZSceneEditorTests-Info.plist";
				PRODUCT_NAME = "$(TARGET_NAME)";
				TEST_HOST = "$(BUNDLE_LOADER)";
				WRAPPER_EXTENSION = xctest;
			};
			name = Release;
		};
/* End XCBuildConfiguration section */

/* Begin XCConfigurationList section */
		77DFDC8F17B29E7C00804A2D /* Build configuration list for PBXProject "RZSceneEditor" */ = {
			isa = XCConfigurationList;
			buildConfigurations = (
				77DFDCC317B29E7C00804A2D /* Debug */,
				77DFDCC417B29E7C00804A2D /* Release */,
			);
			defaultConfigurationIsVisible = 0;
			defaultConfigurationName = Release;
		};
		77DFDCC517B29E7C00804A2D /* Build configuration list for PBXNativeTarget "RZSceneEditor" */ = {
			isa = XCConfigurationList;
			buildConfigurations = (
				77DFDCC617B29E7C00804A2D /* Debug */,
				77DFDCC717B29E7C00804A2D /* Release */,
			);
			defaultConfigurationIsVisible = 0;
			defaultConfigurationName = Release;
		};
		77DFDCC817B29E7C00804A2D /* Build configuration list for PBXNativeTarget "RZSceneEditorTests" */ = {
			isa = XCConfigurationList;
			buildConfigurations = (
				77DFDCC917B29E7C00804A2D /* Debug */,
				77DFDCCA17B29E7C00804A2D /* Release */,
			);
			defaultConfigurationIsVisible = 0;
			defaultConfigurationName = Release;
		};
/* End XCConfigurationList section */

/* Begin XCVersionGroup section */
		77DFDD0917B2A1D700804A2D /* RZSceneEditor.xcdatamodeld */ = {
			isa = XCVersionGroup;
			children = (
				77DFDD0A17B2A1D700804A2D /* RZSceneEditor.xcdatamodel */,
			);
			currentVersion = 77DFDD0A17B2A1D700804A2D /* RZSceneEditor.xcdatamodel */;
			path = RZSceneEditor.xcdatamodeld;
			sourceTree = "<group>";
			versionGroupType = wrapper.xcdatamodel;
		};
/* End XCVersionGroup section */
	};
	rootObject = 77DFDC8C17B29E7C00804A2D /* Project object */;
}
